
Microsoft Visual Studio Solution File, Format Version 12.00
# Visual Studio Version 16
VisualStudioVersion = 16.0.30114.105
MinimumVisualStudioVersion = 10.0.40219.1
Project("{FAE04EC0-301F-11D3-BF4B-00C04F79EFBC}") = "QueueTopicComposer", "queuetopiccomposer\QueueTopicComposer.csproj", "{8B4072E7-5DC1-458C-B570-E7C521C72E87}"
EndProject
Project("{FAE04EC0-301F-11D3-BF4B-00C04F79EFBC}") = "QueueTopicComposer.Tests", "QueueTopicComposer.Tests\QueueTopicComposer.Tests.csproj", "{356CC41D-459C-49EA-A667-0AF72F34DC0A}"
EndProject
Project("{FAE04EC0-301F-11D3-BF4B-00C04F79EFBC}") = "TestProgram", "TestProgram\TestProgram.csproj", "{3945295A-6C1D-4995-9A74-25ADC0BBF4CD}"
EndProject
Global
	GlobalSection(SolutionConfigurationPlatforms) = preSolution
		Debug|Any CPU = Debug|Any CPU
		Release|Any CPU = Release|Any CPU
	EndGlobalSection
	GlobalSection(SolutionProperties) = preSolution
		HideSolutionNode = FALSE
	EndGlobalSection
	GlobalSection(ProjectConfigurationPlatforms) = postSolution
		{8B4072E7-5DC1-458C-B570-E7C521C72E87}.Debug|Any CPU.ActiveCfg = Debug|Any CPU
		{8B4072E7-5DC1-458C-B570-E7C521C72E87}.Debug|Any CPU.Build.0 = Debug|Any CPU
		{8B4072E7-5DC1-458C-B570-E7C521C72E87}.Release|Any CPU.ActiveCfg = Release|Any CPU
		{8B4072E7-5DC1-458C-B570-E7C521C72E87}.Release|Any CPU.Build.0 = Release|Any CPU
		{356CC41D-459C-49EA-A667-0AF72F34DC0A}.Debug|Any CPU.ActiveCfg = Debug|Any CPU
		{356CC41D-459C-49EA-A667-0AF72F34DC0A}.Debug|Any CPU.Build.0 = Debug|Any CPU
		{356CC41D-459C-49EA-A667-0AF72F34DC0A}.Release|Any CPU.ActiveCfg = Release|Any CPU
		{356CC41D-459C-49EA-A667-0AF72F34DC0A}.Release|Any CPU.Build.0 = Release|Any CPU
		{3945295A-6C1D-4995-9A74-25ADC0BBF4CD}.Debug|Any CPU.ActiveCfg = Debug|Any CPU
		{3945295A-6C1D-4995-9A74-25ADC0BBF4CD}.Debug|Any CPU.Build.0 = Debug|Any CPU
		{3945295A-6C1D-4995-9A74-25ADC0BBF4CD}.Release|Any CPU.ActiveCfg = Release|Any CPU
		{3945295A-6C1D-4995-9A74-25ADC0BBF4CD}.Release|Any CPU.Build.0 = Release|Any CPU
	EndGlobalSection
EndGlobal
